{
  "requires": true,
  "lockfileVersion": 1,
  "dependencies": {
    "@interactjs/actions": {
      "version": "1.7.2",
      "resolved": "https://registry.npmjs.org/@interactjs/actions/-/actions-1.7.2.tgz",
      "integrity": "sha512-xvRZbndPMiB/jMiFRcCNAViczlOheKo+KCBqob0QBh80VRPPGV2Dh5I5KXo8mXlrYz6deDfiKiUbF0gcSoJFQQ=="
    },
    "@interactjs/auto-scroll": {
      "version": "1.7.2",
      "resolved": "https://registry.npmjs.org/@interactjs/auto-scroll/-/auto-scroll-1.7.2.tgz",
      "integrity": "sha512-jYv5/M2j73wH9L7ewTi/yqEfLmGUa1VNi3l1jW1Wnrc90dD+b8tBMGK3IQxOp16DbW1V9cbK7CR7ceXLX2xKpQ=="
    },
    "@interactjs/auto-start": {
      "version": "1.7.2",
      "resolved": "https://registry.npmjs.org/@interactjs/auto-start/-/auto-start-1.7.2.tgz",
      "integrity": "sha512-WfEUOWS3Qk1p9de5dBBSSHlKiFkjdTFf/BpS+8WVtaYIVPkJ1E8ZQY/8W16/YyOS9veMDi48/xDPu/FAa32RDQ=="
    },
    "@interactjs/core": {
      "version": "1.7.2",
      "resolved": "https://registry.npmjs.org/@interactjs/core/-/core-1.7.2.tgz",
      "integrity": "sha512-C2vS5J1AtIc6ly66d6AI+wyMkDtZ87W7sJJgbJYnkCqkZk7A5HjAT8qCYBXKH/U1Zs/umJlidMdvCGl56s1HAg=="
    },
    "@interactjs/dev-tools": {
      "version": "1.7.2",
      "resolved": "https://registry.npmjs.org/@interactjs/dev-tools/-/dev-tools-1.7.2.tgz",
      "integrity": "sha512-fK4nq+WBzRMeqMGOJu+RiTV8xlD/C/AqPaF/B9VhlD5cMiGIW0zIMfJxrk+I62VpRCodVmDNgQaF9depTko/YQ==",
      "requires": {
        "@interactjs/utils": "1.7.2"
      }
    },
    "@interactjs/inertia": {
      "version": "1.7.2",
      "resolved": "https://registry.npmjs.org/@interactjs/inertia/-/inertia-1.7.2.tgz",
      "integrity": "sha512-wFAtq2/eeIxZ8BqCqgVUEhZlCiJ/Td2ZmxdG63BaR5vqsnBH/PaSFjjHJAtbaAguGwlCgEtHM65gR7BXdTCILA=="
    },
    "@interactjs/interact": {
      "version": "1.7.2",
      "resolved": "https://registry.npmjs.org/@interactjs/interact/-/interact-1.7.2.tgz",
      "integrity": "sha512-U47d6iApfSlllR9A6NbYCz8Nm/xUKt2d7+X8pcx7sqTVbrQ3Q7AlaKZZj+7yLydnWg0fkdaJRTOmBCmkohihhw=="
    },
    "@interactjs/interactjs": {
      "version": "1.7.2",
      "resolved": "https://registry.npmjs.org/@interactjs/interactjs/-/interactjs-1.7.2.tgz",
      "integrity": "sha512-0qwkam9SxEM0tNKhVDXCl8j7ksLgyvxElMl+GUFHr08rdd1PFaL+ERB22I1T3gtVrtUHgNOUGA4LXzxwrzJIaQ==",
      "requires": {
        "@interactjs/types": "1.7.2"
      }
    },
    "@interactjs/modifiers": {
      "version": "1.7.2",
      "resolved": "https://registry.npmjs.org/@interactjs/modifiers/-/modifiers-1.7.2.tgz",
      "integrity": "sha512-lM07A74dcpvNty5BMyFlYHPT0WLNnSYNzOmEXljxrR4QNX8T7vYGH6/zoQSZy/lw0PWTlE0et4W6oCjVqPKF0A=="
    },
    "@interactjs/pointer-events": {
      "version": "1.7.2",
      "resolved": "https://registry.npmjs.org/@interactjs/pointer-events/-/pointer-events-1.7.2.tgz",
      "integrity": "sha512-TEe/fp11kF8WYRNaWyegh8fNRN/SZCMQr4K+qTWE2UvWYRno8mFjBCQkcnMTgelAjBVsp34QaIG88skWRFcqwA=="
    },
    "@interactjs/reflow": {
      "version": "1.7.2",
      "resolved": "https://registry.npmjs.org/@interactjs/reflow/-/reflow-1.7.2.tgz",
      "integrity": "sha512-zNVBkct8asH1XBMRjZ53/knNPBUtvyKXRld7034VwFmyngVZ7R4yaWHIhL/r8KBOOGSB0TrqU1i/j/trN93J6Q=="
    },
    "@interactjs/types": {
      "version": "1.7.2",
      "resolved": "https://registry.npmjs.org/@interactjs/types/-/types-1.7.2.tgz",
      "integrity": "sha512-3HdAmB7Q0COrB0Eoh5DfTxB+Me+7LX1EQuHtKX92ukDfOpEIi9wwBoHkDOW+VWDG2ui2LlEwB/phjrAgVWrJSA==",
      "requires": {
        "@interactjs/actions": "1.7.2",
        "@interactjs/auto-scroll": "1.7.2",
        "@interactjs/auto-start": "1.7.2",
        "@interactjs/core": "1.7.2",
        "@interactjs/dev-tools": "1.7.2",
        "@interactjs/inertia": "1.7.2",
        "@interactjs/interact": "1.7.2",
        "@interactjs/modifiers": "1.7.2",
        "@interactjs/pointer-events": "1.7.2",
        "@interactjs/reflow": "1.7.2",
        "@interactjs/utils": "1.7.2"
      }
    },
    "@interactjs/utils": {
      "version": "1.7.2",
      "resolved": "https://registry.npmjs.org/@interactjs/utils/-/utils-1.7.2.tgz",
      "integrity": "sha512-lbk8AjmJVbI4lJoIHbKGexxg9MjJ1lVj6JtjWJkJKXZ6S2968GEMYuINcaMc3heZLiQYdYlZ07/69lrmbWCYMA=="
    },
    "axios": {
      "version": "0.19.0",
      "resolved": "https://registry.npmjs.org/axios/-/axios-0.19.0.tgz",
      "integrity": "sha512-1uvKqKQta3KBxIz14F2v06AEHZ/dIoeKfbTRkK1E5oqjDnuEerLmYTgJB5AiQZHJcljpg1TuRzdjDR06qNk0DQ==",
      "requires": {
        "follow-redirects": "1.5.10",
        "is-buffer": "^2.0.2"
      }
    },
    "batch-processor": {
      "version": "1.0.0",
      "resolved": "https://registry.npmjs.org/batch-processor/-/batch-processor-1.0.0.tgz",
      "integrity": "sha1-dclcMrdI4IUNEMKxaPa9vpiRrOg="
    },
    "debug": {
      "version": "3.1.0",
      "resolved": "https://registry.npmjs.org/debug/-/debug-3.1.0.tgz",
      "integrity": "sha512-OX8XqP7/1a9cqkxYw2yXss15f26NKWBpDXQd0/uK/KPqdQhxbPa994hnzjcE2VqQpDslf55723cKPUOGSmMY3g==",
      "requires": {
        "ms": "2.0.0"
      }
    },
    "element-resize-detector": {
      "version": "1.1.15",
      "resolved": "https://registry.npmjs.org/element-resize-detector/-/element-resize-detector-1.1.15.tgz",
      "integrity": "sha512-16/5avDegXlUxytGgaumhjyQoM6hpp5j3+L79sYq5hlXfTNRy5WMMuTVWkZU3egp/CokCmTmvf18P3KeB57Iog==",
      "requires": {
        "batch-processor": "^1.0.0"
      }
    },
    "follow-redirects": {
      "version": "1.5.10",
      "resolved": "https://registry.npmjs.org/follow-redirects/-/follow-redirects-1.5.10.tgz",
      "integrity": "sha512-0V5l4Cizzvqt5D44aTXbFZz+FtyXV1vrDN6qrelxtfYQKW0KO0W2T/hkE8xvGa/540LkZlkaUjO4ailYTFtHVQ==",
      "requires": {
        "debug": "=3.1.0"
      }
    },
    "interactjs": {
      "version": "1.7.2",
      "resolved": "https://registry.npmjs.org/interactjs/-/interactjs-1.7.2.tgz",
      "integrity": "sha512-VE9j6EDDYoavmElL5+EtxpcIzzwsPjl7S6XPNMByZpief4NGuh+awZNJhqibFUcHFdHY0c/DJI8paV0DnPV8+Q==",
      "requires": {
        "@interactjs/interactjs": "1.7.2",
        "@interactjs/types": "1.7.2"
      }
    },
    "is-buffer": {
      "version": "2.0.4",
      "resolved": "https://registry.npmjs.org/is-buffer/-/is-buffer-2.0.4.tgz",
      "integrity": "sha512-Kq1rokWXOPXWuaMAqZiJW4XxsmD9zGx9q4aePabbn3qCRGedtH7Cm+zV8WETitMfu1wdh+Rvd6w5egwSngUX2A=="
    },
    "ms": {
      "version": "2.0.0",
      "resolved": "https://registry.npmjs.org/ms/-/ms-2.0.0.tgz",
      "integrity": "sha1-VgiurfwAvmwpAd9fmGF4jeDVl8g="
    },
    "vue-class-component": {
      "version": "7.1.0",
      "resolved": "https://registry.npmjs.org/vue-class-component/-/vue-class-component-7.1.0.tgz",
      "integrity": "sha512-G9152NzUkz0i0xTfhk0Afc8vzdXxDR1pfN4dTwE72cskkgJtdXfrKBkMfGvDuxUh35U500g5Ve4xL8PEGdWeHg=="
    },
    "vue-grid-layout": {
      "version": "2.3.7",
      "resolved": "https://registry.npmjs.org/vue-grid-layout/-/vue-grid-layout-2.3.7.tgz",
      "integrity": "sha512-q3FMiuog0hPsK/IUKtlg2A/lwPo86YlLaX9+wEiCTjUU++GabM2o9hDhRVruDJZLUah55iTg8LRttBxrxPv0WQ==",
      "requires": {
        "element-resize-detector": "^1.1.15",
        "interactjs": "^1.6.3"
      }
    },
    "vue-ionicons": {
      "version": "3.0.4",
      "resolved": "https://registry.npmjs.org/vue-ionicons/-/vue-ionicons-3.0.4.tgz",
      "integrity": "sha512-tOS0dD7jAa4g8HsaL11JOgOPnog6Eh6IrxJWYVAE6oaXHf8tegidboNSKRxteu8sJ9cunj+az4skSlq0Pivgzg=="
    },
    "vue-property-decorator": {
      "version": "8.3.0",
      "resolved": "https://registry.npmjs.org/vue-property-decorator/-/vue-property-decorator-8.3.0.tgz",
      "integrity": "sha512-77YtTbZHd5CNiPzbqv51kEgL48yvD2dUDfF28vEyw3MbQ9bBAb/tDyFzskcqjNRbWyXk1vq4oM2CK/LfhxuIBg==",
      "requires": {
        "vue-class-component": "^7.1.0"
      }
    },
    "vue-slider-component": {
      "version": "3.1.0",
      "resolved": "https://registry.npmjs.org/vue-slider-component/-/vue-slider-component-3.1.0.tgz",
      "integrity": "sha512-B+EN4eUoEccGjWEaeW/wjtEOsm/CiriErrWFjnjOatyAxOg0DlNByZuMnKV7OM4QD4IN4HYMLGjbzKTtAlNCsQ==",
      "requires": {
        "vue-property-decorator": "^8.0.0"
      }
    }
  }
}
